
Microsoft Visual Studio Solution File, Format Version 12.00
# Visual Studio Version 16
VisualStudioVersion = 16.0.30114.105
MinimumVisualStudioVersion = 10.0.40219.1
Project("{FAE04EC0-301F-11D3-BF4B-00C04F79EFBC}") = "yabft", "src\yabft.csproj", "{6C083884-843B-4CBD-8889-195CD7D3D30A}"
EndProject
Project("{FAE04EC0-301F-11D3-BF4B-00C04F79EFBC}") = "tests", "tests\tests.csproj", "{099D648F-EC2E-43E4-A2DD-47181BDCFC5A}"
EndProject
Global
	GlobalSection(SolutionConfigurationPlatforms) = preSolution
		Debug|Any CPU = Debug|Any CPU
		Release|Any CPU = Release|Any CPU
	EndGlobalSection
	GlobalSection(SolutionProperties) = preSolution
		HideSolutionNode = FALSE
	EndGlobalSection
	GlobalSection(ProjectConfigurationPlatforms) = postSolution
		{6C083884-843B-4CBD-8889-195CD7D3D30A}.Debug|Any CPU.ActiveCfg = Debug|Any CPU
		{6C083884-843B-4CBD-8889-195CD7D3D30A}.Debug|Any CPU.Build.0 = Debug|Any CPU
		{6C083884-843B-4CBD-8889-195CD7D3D30A}.Release|Any CPU.ActiveCfg = Release|Any CPU
		{6C083884-843B-4CBD-8889-195CD7D3D30A}.Release|Any CPU.Build.0 = Release|Any CPU
		{099D648F-EC2E-43E4-A2DD-47181BDCFC5A}.Debug|Any CPU.ActiveCfg = Debug|Any CPU
		{099D648F-EC2E-43E4-A2DD-47181BDCFC5A}.Debug|Any CPU.Build.0 = Debug|Any CPU
		{099D648F-EC2E-43E4-A2DD-47181BDCFC5A}.Release|Any CPU.ActiveCfg = Release|Any CPU
		{099D648F-EC2E-43E4-A2DD-47181BDCFC5A}.Release|Any CPU.Build.0 = Release|Any CPU
	EndGlobalSection
EndGlobal
